
Microsoft Visual Studio Solution File, Format Version 12.00
# Visual Studio Version 17
VisualStudioVersion = 17.11.35327.3
MinimumVisualStudioVersion = 10.0.40219.1
Project("{8BC9CEB8-8B4A-11D0-8D11-00A0C91BC942}") = "001_字符串原始字面量", "001_字符串原始字面量\001_字符串原始字面量.vcxproj", "{11B241FD-81EC-4E53-B2F6-FCA1B4CF01E5}"
EndProject
Project("{8BC9CEB8-8B4A-11D0-8D11-00A0C91BC942}") = "002_long_long类型", "002_long_long类型\002_long_long类型.vcxproj", "{8FBB824E-8D1D-4DBA-A4B3-50B84021B18E}"
EndProject
Project("{8BC9CEB8-8B4A-11D0-8D11-00A0C91BC942}") = "003_类成员的快速初始化", "003_类成员的快速初始化\003_类成员的快速初始化.vcxproj", "{CA05885F-E161-429D-BC3D-D97196330655}"
EndProject
Project("{8BC9CEB8-8B4A-11D0-8D11-00A0C91BC942}") = "004_final关键字的使用", "004_final关键字的使用\004_final关键字的使用.vcxproj", "{484D54B8-6423-4597-9E94-41E7E953C06A}"
EndProject
Project("{8BC9CEB8-8B4A-11D0-8D11-00A0C91BC942}") = "005_override关键字的使用", "005_override关键字的使用\005_override关键字的使用.vcxproj", "{C6897E30-E8A8-471E-9922-205A9E67F7AD}"
EndProject
Project("{8BC9CEB8-8B4A-11D0-8D11-00A0C91BC942}") = "006_模板右尖括号的优化", "006_模板右尖括号的优化\006_模板右尖括号的优化.vcxproj", "{52B3B614-88EC-4D91-B832-191FBECFF320}"
EndProject
Project("{8BC9CEB8-8B4A-11D0-8D11-00A0C91BC942}") = "007_函数模板的默认模板参数", "007_函数模板的默认模板参数\007_函数模板的默认模板参数.vcxproj", "{9B5342C5-6F70-43DF-A539-B20624D1E332}"
EndProject
Project("{8BC9CEB8-8B4A-11D0-8D11-00A0C91BC942}") = "008_数值类型和字符串之间的转换", "008_数值类型和字符串之间的转换\008_数值类型和字符串之间的转换.vcxproj", "{3DCF5A81-B8EE-48DD-A716-C099B687DC63}"
EndProject
Project("{8BC9CEB8-8B4A-11D0-8D11-00A0C91BC942}") = "009_静态断言_static_assert", "009_静态断言_static_assert\009_静态断言_static_assert.vcxproj", "{81792B59-3ACF-49FC-B271-F24AB29A6C75}"
EndProject
Project("{8BC9CEB8-8B4A-11D0-8D11-00A0C91BC942}") = "010_noexcept", "010_noexcept\010_noexcept.vcxproj", "{527A17C3-0D3D-4A68-A770-30817B71E60C}"
EndProject
Project("{8BC9CEB8-8B4A-11D0-8D11-00A0C91BC942}") = "011_自动类型推导", "011_自动类型推导\011_自动类型推导.vcxproj", "{97342BA6-7384-4435-B48F-848233E17AA4}"
EndProject
Project("{8BC9CEB8-8B4A-11D0-8D11-00A0C91BC942}") = "012_基于范围的for循环", "012_基于范围的for循环\012_基于范围的for循环.vcxproj", "{19B6716D-3C68-4455-B48B-B3BF179F41B4}"
EndProject
Project("{8BC9CEB8-8B4A-11D0-8D11-00A0C91BC942}") = "013_指针空值类型 - nullptr", "013_指针空值类型 - nullptr\013_指针空值类型 - nullptr.vcxproj", "{5BEDFA9F-1D0A-41EE-BE99-1FB66DA9A966}"
EndProject
Project("{8BC9CEB8-8B4A-11D0-8D11-00A0C91BC942}") = "014_lambda表达式", "014_lambda表达式\014_lambda表达式.vcxproj", "{E79B1B1A-0DA8-41E7-86F0-1F7805B96DE2}"
EndProject
Project("{8BC9CEB8-8B4A-11D0-8D11-00A0C91BC942}") = "015_常量表达式修饰符 - constexpr", "015_常量表达式修饰符 - constexpr\015_常量表达式修饰符 - constexpr.vcxproj", "{CDC2129D-AE23-4D34-A97D-201E1355B184}"
EndProject
Project("{8BC9CEB8-8B4A-11D0-8D11-00A0C91BC942}") = "016_委托构造函数和继承构造函数", "016_委托构造函数和继承构造函数\016_委托构造函数和继承构造函数.vcxproj", "{BD124D5F-BE8F-4160-A571-60649EDA8F66}"
EndProject
Project("{8BC9CEB8-8B4A-11D0-8D11-00A0C91BC942}") = "017_右值引用", "017_右值引用\017_右值引用.vcxproj", "{4A9FBD75-6E05-4342-AA8C-615117BE4732}"
EndProject
Project("{8BC9CEB8-8B4A-11D0-8D11-00A0C91BC942}") = "018_转移和完美转发", "018_转移和完美转发\018_转移和完美转发.vcxproj", "{3C6AF6BE-6D6A-4485-8BB3-1560D18524AD}"
EndProject
Project("{8BC9CEB8-8B4A-11D0-8D11-00A0C91BC942}") = "019_列表初始化", "019_列表初始化\019_列表初始化.vcxproj", "{3B8BA603-8B9E-4D77-91AC-98C4359AB612}"
EndProject
Project("{8BC9CEB8-8B4A-11D0-8D11-00A0C91BC942}") = "020_using的使用", "020_using的使用\020_using的使用.vcxproj", "{DAE07454-BAD8-4B8E-9C3A-913C588E42DF}"
EndProject
Project("{8BC9CEB8-8B4A-11D0-8D11-00A0C91BC942}") = "021_可调用对象包装器、绑定器", "021_可调用对象包装器、绑定器\021_可调用对象包装器、绑定器.vcxproj", "{CCC15EC3-CEE7-4497-8266-9AC5263D20FE}"
EndProject
Project("{8BC9CEB8-8B4A-11D0-8D11-00A0C91BC942}") = "022_POD类型", "022_POD类型\022_POD类型.vcxproj", "{2D7B229D-CD2F-41D8-9A08-2DD0096F1E47}"
EndProject
Project("{8BC9CEB8-8B4A-11D0-8D11-00A0C91BC942}") = "023_默认函数控制 =default 与 =delete", "023_默认函数控制 =default 与 =delete\023_默认函数控制 =default 与 =delete.vcxproj", "{B0822178-82C8-433E-B1B3-0E372108CFC8}"
EndProject
Project("{8BC9CEB8-8B4A-11D0-8D11-00A0C91BC942}") = "024_扩展的friend语法", "024_扩展的friend语法\024_扩展的friend语法.vcxproj", "{A2EA4AD8-0EB7-4471-980E-4A2CC0855FCC}"
EndProject
Project("{8BC9CEB8-8B4A-11D0-8D11-00A0C91BC942}") = "025_强类型枚举", "025_强类型枚举\025_强类型枚举.vcxproj", "{E088B8B5-A128-4E69-8792-CFB57120B8F5}"
EndProject
Project("{8BC9CEB8-8B4A-11D0-8D11-00A0C91BC942}") = "026_非受限联合体", "026_非受限联合体\026_非受限联合体.vcxproj", "{C99D1478-DD8F-44BC-A147-A57ACD3B35FF}"
EndProject
Project("{8BC9CEB8-8B4A-11D0-8D11-00A0C91BC942}") = "027_共享智能指针", "027_共享智能指针\027_共享智能指针.vcxproj", "{9DAEB648-861D-415B-9F0E-1B66C4896645}"
EndProject
Project("{8BC9CEB8-8B4A-11D0-8D11-00A0C91BC942}") = "028_独占智能指针", "028_独占智能指针\028_独占智能指针.vcxproj", "{1FC628DB-207A-4E2D-98B6-F77119A6A560}"
EndProject
Project("{8BC9CEB8-8B4A-11D0-8D11-00A0C91BC942}") = "029_弱引用智能指针", "029_弱引用智能指针\029_弱引用智能指针.vcxproj", "{CF71372F-6945-414A-A691-B36DC3EE79C1}"
EndProject
Project("{8BC9CEB8-8B4A-11D0-8D11-00A0C91BC942}") = "030_处理日期和时间的chrono库", "030_处理日期和时间的chrono库\030_处理日期和时间的chrono库.vcxproj", "{3F646A79-AE79-43B0-AE92-7F239A416B87}"
EndProject
Project("{8BC9CEB8-8B4A-11D0-8D11-00A0C91BC942}") = "031_C++线程类 thread", "031_C++线程类 thread\031_C++线程类 thread.vcxproj", "{C2B9B512-8AE6-4BC1-9B6A-D46C3ED1F587}"
EndProject
Project("{8BC9CEB8-8B4A-11D0-8D11-00A0C91BC942}") = "032_线程命名空间 this_thread", "032_线程命名空间 this_thread\032_线程命名空间 this_thread.vcxproj", "{FBB2E1DF-5E0E-46F9-992A-2E48B154B20C}"
EndProject
Project("{8BC9CEB8-8B4A-11D0-8D11-00A0C91BC942}") = "033_call_once函数", "033_call_once函数\033_call_once函数.vcxproj", "{C5A6C5B3-8FA7-410D-8D56-0BB7AFFA7EDC}"
EndProject
Project("{8BC9CEB8-8B4A-11D0-8D11-00A0C91BC942}") = "034_线程同步之互斥锁 mutex", "034_线程同步之互斥锁 mutex\034_线程同步之互斥锁 mutex.vcxproj", "{1AED8D85-EDE0-4DD6-AD9D-DEA3FC4AAA8D}"
EndProject
Project("{8BC9CEB8-8B4A-11D0-8D11-00A0C91BC942}") = "035_线程同步之条件变量", "035_线程同步之条件变量\035_线程同步之条件变量.vcxproj", "{FCFA6F7E-6D4C-4C21-8E21-2A73ACD44C06}"
EndProject
Project("{8BC9CEB8-8B4A-11D0-8D11-00A0C91BC942}") = "036_线程同步之原子变量 atomic", "036_线程同步之原子变量 atomic\036_线程同步之原子变量 atomic.vcxproj", "{B6A14804-192D-467F-9ED4-5D6CE3FD13D6}"
EndProject
Project("{8BC9CEB8-8B4A-11D0-8D11-00A0C91BC942}") = "037_线程异步", "037_线程异步\037_线程异步.vcxproj", "{E1ED598A-6F62-4BAF-BFB8-1D7A7387403C}"
EndProject
Project("{8BC9CEB8-8B4A-11D0-8D11-00A0C91BC942}") = "038_异步线程池", "038_异步线程池\038_异步线程池.vcxproj", "{F7ACE94A-ABF9-45A2-AF77-7A298334A854}"
EndProject
Global
	GlobalSection(SolutionConfigurationPlatforms) = preSolution
		Debug|x64 = Debug|x64
		Debug|x86 = Debug|x86
		Release|x64 = Release|x64
		Release|x86 = Release|x86
	EndGlobalSection
	GlobalSection(ProjectConfigurationPlatforms) = postSolution
		{11B241FD-81EC-4E53-B2F6-FCA1B4CF01E5}.Debug|x64.ActiveCfg = Debug|x64
		{11B241FD-81EC-4E53-B2F6-FCA1B4CF01E5}.Debug|x64.Build.0 = Debug|x64
		{11B241FD-81EC-4E53-B2F6-FCA1B4CF01E5}.Debug|x86.ActiveCfg = Debug|Win32
		{11B241FD-81EC-4E53-B2F6-FCA1B4CF01E5}.Debug|x86.Build.0 = Debug|Win32
		{11B241FD-81EC-4E53-B2F6-FCA1B4CF01E5}.Release|x64.ActiveCfg = Release|x64
		{11B241FD-81EC-4E53-B2F6-FCA1B4CF01E5}.Release|x64.Build.0 = Release|x64
		{11B241FD-81EC-4E53-B2F6-FCA1B4CF01E5}.Release|x86.ActiveCfg = Release|Win32
		{11B241FD-81EC-4E53-B2F6-FCA1B4CF01E5}.Release|x86.Build.0 = Release|Win32
		{8FBB824E-8D1D-4DBA-A4B3-50B84021B18E}.Debug|x64.ActiveCfg = Debug|x64
		{8FBB824E-8D1D-4DBA-A4B3-50B84021B18E}.Debug|x64.Build.0 = Debug|x64
		{8FBB824E-8D1D-4DBA-A4B3-50B84021B18E}.Debug|x86.ActiveCfg = Debug|Win32
		{8FBB824E-8D1D-4DBA-A4B3-50B84021B18E}.Debug|x86.Build.0 = Debug|Win32
		{8FBB824E-8D1D-4DBA-A4B3-50B84021B18E}.Release|x64.ActiveCfg = Release|x64
		{8FBB824E-8D1D-4DBA-A4B3-50B84021B18E}.Release|x64.Build.0 = Release|x64
		{8FBB824E-8D1D-4DBA-A4B3-50B84021B18E}.Release|x86.ActiveCfg = Release|Win32
		{8FBB824E-8D1D-4DBA-A4B3-50B84021B18E}.Release|x86.Build.0 = Release|Win32
		{CA05885F-E161-429D-BC3D-D97196330655}.Debug|x64.ActiveCfg = Debug|x64
		{CA05885F-E161-429D-BC3D-D97196330655}.Debug|x64.Build.0 = Debug|x64
		{CA05885F-E161-429D-BC3D-D97196330655}.Debug|x86.ActiveCfg = Debug|Win32
		{CA05885F-E161-429D-BC3D-D97196330655}.Debug|x86.Build.0 = Debug|Win32
		{CA05885F-E161-429D-BC3D-D97196330655}.Release|x64.ActiveCfg = Release|x64
		{CA05885F-E161-429D-BC3D-D97196330655}.Release|x64.Build.0 = Release|x64
		{CA05885F-E161-429D-BC3D-D97196330655}.Release|x86.ActiveCfg = Release|Win32
		{CA05885F-E161-429D-BC3D-D97196330655}.Release|x86.Build.0 = Release|Win32
		{484D54B8-6423-4597-9E94-41E7E953C06A}.Debug|x64.ActiveCfg = Debug|x64
		{484D54B8-6423-4597-9E94-41E7E953C06A}.Debug|x64.Build.0 = Debug|x64
		{484D54B8-6423-4597-9E94-41E7E953C06A}.Debug|x86.ActiveCfg = Debug|Win32
		{484D54B8-6423-4597-9E94-41E7E953C06A}.Debug|x86.Build.0 = Debug|Win32
		{484D54B8-6423-4597-9E94-41E7E953C06A}.Release|x64.ActiveCfg = Release|x64
		{484D54B8-6423-4597-9E94-41E7E953C06A}.Release|x64.Build.0 = Release|x64
		{484D54B8-6423-4597-9E94-41E7E953C06A}.Release|x86.ActiveCfg = Release|Win32
		{484D54B8-6423-4597-9E94-41E7E953C06A}.Release|x86.Build.0 = Release|Win32
		{C6897E30-E8A8-471E-9922-205A9E67F7AD}.Debug|x64.ActiveCfg = Debug|x64
		{C6897E30-E8A8-471E-9922-205A9E67F7AD}.Debug|x64.Build.0 = Debug|x64
		{C6897E30-E8A8-471E-9922-205A9E67F7AD}.Debug|x86.ActiveCfg = Debug|Win32
		{C6897E30-E8A8-471E-9922-205A9E67F7AD}.Debug|x86.Build.0 = Debug|Win32
		{C6897E30-E8A8-471E-9922-205A9E67F7AD}.Release|x64.ActiveCfg = Release|x64
		{C6897E30-E8A8-471E-9922-205A9E67F7AD}.Release|x64.Build.0 = Release|x64
		{C6897E30-E8A8-471E-9922-205A9E67F7AD}.Release|x86.ActiveCfg = Release|Win32
		{C6897E30-E8A8-471E-9922-205A9E67F7AD}.Release|x86.Build.0 = Release|Win32
		{52B3B614-88EC-4D91-B832-191FBECFF320}.Debug|x64.ActiveCfg = Debug|x64
		{52B3B614-88EC-4D91-B832-191FBECFF320}.Debug|x64.Build.0 = Debug|x64
		{52B3B614-88EC-4D91-B832-191FBECFF320}.Debug|x86.ActiveCfg = Debug|Win32
		{52B3B614-88EC-4D91-B832-191FBECFF320}.Debug|x86.Build.0 = Debug|Win32
		{52B3B614-88EC-4D91-B832-191FBECFF320}.Release|x64.ActiveCfg = Release|x64
		{52B3B614-88EC-4D91-B832-191FBECFF320}.Release|x64.Build.0 = Release|x64
		{52B3B614-88EC-4D91-B832-191FBECFF320}.Release|x86.ActiveCfg = Release|Win32
		{52B3B614-88EC-4D91-B832-191FBECFF320}.Release|x86.Build.0 = Release|Win32
		{9B5342C5-6F70-43DF-A539-B20624D1E332}.Debug|x64.ActiveCfg = Debug|x64
		{9B5342C5-6F70-43DF-A539-B20624D1E332}.Debug|x64.Build.0 = Debug|x64
		{9B5342C5-6F70-43DF-A539-B20624D1E332}.Debug|x86.ActiveCfg = Debug|Win32
		{9B5342C5-6F70-43DF-A539-B20624D1E332}.Debug|x86.Build.0 = Debug|Win32
		{9B5342C5-6F70-43DF-A539-B20624D1E332}.Release|x64.ActiveCfg = Release|x64
		{9B5342C5-6F70-43DF-A539-B20624D1E332}.Release|x64.Build.0 = Release|x64
		{9B5342C5-6F70-43DF-A539-B20624D1E332}.Release|x86.ActiveCfg = Release|Win32
		{9B5342C5-6F70-43DF-A539-B20624D1E332}.Release|x86.Build.0 = Release|Win32
		{3DCF5A81-B8EE-48DD-A716-C099B687DC63}.Debug|x64.ActiveCfg = Debug|x64
		{3DCF5A81-B8EE-48DD-A716-C099B687DC63}.Debug|x64.Build.0 = Debug|x64
		{3DCF5A81-B8EE-48DD-A716-C099B687DC63}.Debug|x86.ActiveCfg = Debug|Win32
		{3DCF5A81-B8EE-48DD-A716-C099B687DC63}.Debug|x86.Build.0 = Debug|Win32
		{3DCF5A81-B8EE-48DD-A716-C099B687DC63}.Release|x64.ActiveCfg = Release|x64
		{3DCF5A81-B8EE-48DD-A716-C099B687DC63}.Release|x64.Build.0 = Release|x64
		{3DCF5A81-B8EE-48DD-A716-C099B687DC63}.Release|x86.ActiveCfg = Release|Win32
		{3DCF5A81-B8EE-48DD-A716-C099B687DC63}.Release|x86.Build.0 = Release|Win32
		{81792B59-3ACF-49FC-B271-F24AB29A6C75}.Debug|x64.ActiveCfg = Debug|x64
		{81792B59-3ACF-49FC-B271-F24AB29A6C75}.Debug|x64.Build.0 = Debug|x64
		{81792B59-3ACF-49FC-B271-F24AB29A6C75}.Debug|x86.ActiveCfg = Debug|Win32
		{81792B59-3ACF-49FC-B271-F24AB29A6C75}.Debug|x86.Build.0 = Debug|Win32
		{81792B59-3ACF-49FC-B271-F24AB29A6C75}.Release|x64.ActiveCfg = Release|x64
		{81792B59-3ACF-49FC-B271-F24AB29A6C75}.Release|x64.Build.0 = Release|x64
		{81792B59-3ACF-49FC-B271-F24AB29A6C75}.Release|x86.ActiveCfg = Release|Win32
		{81792B59-3ACF-49FC-B271-F24AB29A6C75}.Release|x86.Build.0 = Release|Win32
		{527A17C3-0D3D-4A68-A770-30817B71E60C}.Debug|x64.ActiveCfg = Debug|x64
		{527A17C3-0D3D-4A68-A770-30817B71E60C}.Debug|x64.Build.0 = Debug|x64
		{527A17C3-0D3D-4A68-A770-30817B71E60C}.Debug|x86.ActiveCfg = Debug|Win32
		{527A17C3-0D3D-4A68-A770-30817B71E60C}.Debug|x86.Build.0 = Debug|Win32
		{527A17C3-0D3D-4A68-A770-30817B71E60C}.Release|x64.ActiveCfg = Release|x64
		{527A17C3-0D3D-4A68-A770-30817B71E60C}.Release|x64.Build.0 = Release|x64
		{527A17C3-0D3D-4A68-A770-30817B71E60C}.Release|x86.ActiveCfg = Release|Win32
		{527A17C3-0D3D-4A68-A770-30817B71E60C}.Release|x86.Build.0 = Release|Win32
		{97342BA6-7384-4435-B48F-848233E17AA4}.Debug|x64.ActiveCfg = Debug|x64
		{97342BA6-7384-4435-B48F-848233E17AA4}.Debug|x64.Build.0 = Debug|x64
		{97342BA6-7384-4435-B48F-848233E17AA4}.Debug|x86.ActiveCfg = Debug|Win32
		{97342BA6-7384-4435-B48F-848233E17AA4}.Debug|x86.Build.0 = Debug|Win32
		{97342BA6-7384-4435-B48F-848233E17AA4}.Release|x64.ActiveCfg = Release|x64
		{97342BA6-7384-4435-B48F-848233E17AA4}.Release|x64.Build.0 = Release|x64
		{97342BA6-7384-4435-B48F-848233E17AA4}.Release|x86.ActiveCfg = Release|Win32
		{97342BA6-7384-4435-B48F-848233E17AA4}.Release|x86.Build.0 = Release|Win32
		{19B6716D-3C68-4455-B48B-B3BF179F41B4}.Debug|x64.ActiveCfg = Debug|x64
		{19B6716D-3C68-4455-B48B-B3BF179F41B4}.Debug|x64.Build.0 = Debug|x64
		{19B6716D-3C68-4455-B48B-B3BF179F41B4}.Debug|x86.ActiveCfg = Debug|Win32
		{19B6716D-3C68-4455-B48B-B3BF179F41B4}.Debug|x86.Build.0 = Debug|Win32
		{19B6716D-3C68-4455-B48B-B3BF179F41B4}.Release|x64.ActiveCfg = Release|x64
		{19B6716D-3C68-4455-B48B-B3BF179F41B4}.Release|x64.Build.0 = Release|x64
		{19B6716D-3C68-4455-B48B-B3BF179F41B4}.Release|x86.ActiveCfg = Release|Win32
		{19B6716D-3C68-4455-B48B-B3BF179F41B4}.Release|x86.Build.0 = Release|Win32
		{5BEDFA9F-1D0A-41EE-BE99-1FB66DA9A966}.Debug|x64.ActiveCfg = Debug|x64
		{5BEDFA9F-1D0A-41EE-BE99-1FB66DA9A966}.Debug|x64.Build.0 = Debug|x64
		{5BEDFA9F-1D0A-41EE-BE99-1FB66DA9A966}.Debug|x86.ActiveCfg = Debug|Win32
		{5BEDFA9F-1D0A-41EE-BE99-1FB66DA9A966}.Debug|x86.Build.0 = Debug|Win32
		{5BEDFA9F-1D0A-41EE-BE99-1FB66DA9A966}.Release|x64.ActiveCfg = Release|x64
		{5BEDFA9F-1D0A-41EE-BE99-1FB66DA9A966}.Release|x64.Build.0 = Release|x64
		{5BEDFA9F-1D0A-41EE-BE99-1FB66DA9A966}.Release|x86.ActiveCfg = Release|Win32
		{5BEDFA9F-1D0A-41EE-BE99-1FB66DA9A966}.Release|x86.Build.0 = Release|Win32
		{E79B1B1A-0DA8-41E7-86F0-1F7805B96DE2}.Debug|x64.ActiveCfg = Debug|x64
		{E79B1B1A-0DA8-41E7-86F0-1F7805B96DE2}.Debug|x64.Build.0 = Debug|x64
		{E79B1B1A-0DA8-41E7-86F0-1F7805B96DE2}.Debug|x86.ActiveCfg = Debug|Win32
		{E79B1B1A-0DA8-41E7-86F0-1F7805B96DE2}.Debug|x86.Build.0 = Debug|Win32
		{E79B1B1A-0DA8-41E7-86F0-1F7805B96DE2}.Release|x64.ActiveCfg = Release|x64
		{E79B1B1A-0DA8-41E7-86F0-1F7805B96DE2}.Release|x64.Build.0 = Release|x64
		{E79B1B1A-0DA8-41E7-86F0-1F7805B96DE2}.Release|x86.ActiveCfg = Release|Win32
		{E79B1B1A-0DA8-41E7-86F0-1F7805B96DE2}.Release|x86.Build.0 = Release|Win32
		{CDC2129D-AE23-4D34-A97D-201E1355B184}.Debug|x64.ActiveCfg = Debug|x64
		{CDC2129D-AE23-4D34-A97D-201E1355B184}.Debug|x64.Build.0 = Debug|x64
		{CDC2129D-AE23-4D34-A97D-201E1355B184}.Debug|x86.ActiveCfg = Debug|Win32
		{CDC2129D-AE23-4D34-A97D-201E1355B184}.Debug|x86.Build.0 = Debug|Win32
		{CDC2129D-AE23-4D34-A97D-201E1355B184}.Release|x64.ActiveCfg = Release|x64
		{CDC2129D-AE23-4D34-A97D-201E1355B184}.Release|x64.Build.0 = Release|x64
		{CDC2129D-AE23-4D34-A97D-201E1355B184}.Release|x86.ActiveCfg = Release|Win32
		{CDC2129D-AE23-4D34-A97D-201E1355B184}.Release|x86.Build.0 = Release|Win32
		{BD124D5F-BE8F-4160-A571-60649EDA8F66}.Debug|x64.ActiveCfg = Debug|x64
		{BD124D5F-BE8F-4160-A571-60649EDA8F66}.Debug|x64.Build.0 = Debug|x64
		{BD124D5F-BE8F-4160-A571-60649EDA8F66}.Debug|x86.ActiveCfg = Debug|Win32
		{BD124D5F-BE8F-4160-A571-60649EDA8F66}.Debug|x86.Build.0 = Debug|Win32
		{BD124D5F-BE8F-4160-A571-60649EDA8F66}.Release|x64.ActiveCfg = Release|x64
		{BD124D5F-BE8F-4160-A571-60649EDA8F66}.Release|x64.Build.0 = Release|x64
		{BD124D5F-BE8F-4160-A571-60649EDA8F66}.Release|x86.ActiveCfg = Release|Win32
		{BD124D5F-BE8F-4160-A571-60649EDA8F66}.Release|x86.Build.0 = Release|Win32
		{4A9FBD75-6E05-4342-AA8C-615117BE4732}.Debug|x64.ActiveCfg = Debug|x64
		{4A9FBD75-6E05-4342-AA8C-615117BE4732}.Debug|x64.Build.0 = Debug|x64
		{4A9FBD75-6E05-4342-AA8C-615117BE4732}.Debug|x86.ActiveCfg = Debug|Win32
		{4A9FBD75-6E05-4342-AA8C-615117BE4732}.Debug|x86.Build.0 = Debug|Win32
		{4A9FBD75-6E05-4342-AA8C-615117BE4732}.Release|x64.ActiveCfg = Release|x64
		{4A9FBD75-6E05-4342-AA8C-615117BE4732}.Release|x64.Build.0 = Release|x64
		{4A9FBD75-6E05-4342-AA8C-615117BE4732}.Release|x86.ActiveCfg = Release|Win32
		{4A9FBD75-6E05-4342-AA8C-615117BE4732}.Release|x86.Build.0 = Release|Win32
		{3C6AF6BE-6D6A-4485-8BB3-1560D18524AD}.Debug|x64.ActiveCfg = Debug|x64
		{3C6AF6BE-6D6A-4485-8BB3-1560D18524AD}.Debug|x64.Build.0 = Debug|x64
		{3C6AF6BE-6D6A-4485-8BB3-1560D18524AD}.Debug|x86.ActiveCfg = Debug|Win32
		{3C6AF6BE-6D6A-4485-8BB3-1560D18524AD}.Debug|x86.Build.0 = Debug|Win32
		{3C6AF6BE-6D6A-4485-8BB3-1560D18524AD}.Release|x64.ActiveCfg = Release|x64
		{3C6AF6BE-6D6A-4485-8BB3-1560D18524AD}.Release|x64.Build.0 = Release|x64
		{3C6AF6BE-6D6A-4485-8BB3-1560D18524AD}.Release|x86.ActiveCfg = Release|Win32
		{3C6AF6BE-6D6A-4485-8BB3-1560D18524AD}.Release|x86.Build.0 = Release|Win32
		{3B8BA603-8B9E-4D77-91AC-98C4359AB612}.Debug|x64.ActiveCfg = Debug|x64
		{3B8BA603-8B9E-4D77-91AC-98C4359AB612}.Debug|x64.Build.0 = Debug|x64
		{3B8BA603-8B9E-4D77-91AC-98C4359AB612}.Debug|x86.ActiveCfg = Debug|Win32
		{3B8BA603-8B9E-4D77-91AC-98C4359AB612}.Debug|x86.Build.0 = Debug|Win32
		{3B8BA603-8B9E-4D77-91AC-98C4359AB612}.Release|x64.ActiveCfg = Release|x64
		{3B8BA603-8B9E-4D77-91AC-98C4359AB612}.Release|x64.Build.0 = Release|x64
		{3B8BA603-8B9E-4D77-91AC-98C4359AB612}.Release|x86.ActiveCfg = Release|Win32
		{3B8BA603-8B9E-4D77-91AC-98C4359AB612}.Release|x86.Build.0 = Release|Win32
		{DAE07454-BAD8-4B8E-9C3A-913C588E42DF}.Debug|x64.ActiveCfg = Debug|x64
		{DAE07454-BAD8-4B8E-9C3A-913C588E42DF}.Debug|x64.Build.0 = Debug|x64
		{DAE07454-BAD8-4B8E-9C3A-913C588E42DF}.Debug|x86.ActiveCfg = Debug|Win32
		{DAE07454-BAD8-4B8E-9C3A-913C588E42DF}.Debug|x86.Build.0 = Debug|Win32
		{DAE07454-BAD8-4B8E-9C3A-913C588E42DF}.Release|x64.ActiveCfg = Release|x64
		{DAE07454-BAD8-4B8E-9C3A-913C588E42DF}.Release|x64.Build.0 = Release|x64
		{DAE07454-BAD8-4B8E-9C3A-913C588E42DF}.Release|x86.ActiveCfg = Release|Win32
		{DAE07454-BAD8-4B8E-9C3A-913C588E42DF}.Release|x86.Build.0 = Release|Win32
		{CCC15EC3-CEE7-4497-8266-9AC5263D20FE}.Debug|x64.ActiveCfg = Debug|x64
		{CCC15EC3-CEE7-4497-8266-9AC5263D20FE}.Debug|x64.Build.0 = Debug|x64
		{CCC15EC3-CEE7-4497-8266-9AC5263D20FE}.Debug|x86.ActiveCfg = Debug|Win32
		{CCC15EC3-CEE7-4497-8266-9AC5263D20FE}.Debug|x86.Build.0 = Debug|Win32
		{CCC15EC3-CEE7-4497-8266-9AC5263D20FE}.Release|x64.ActiveCfg = Release|x64
		{CCC15EC3-CEE7-4497-8266-9AC5263D20FE}.Release|x64.Build.0 = Release|x64
		{CCC15EC3-CEE7-4497-8266-9AC5263D20FE}.Release|x86.ActiveCfg = Release|Win32
		{CCC15EC3-CEE7-4497-8266-9AC5263D20FE}.Release|x86.Build.0 = Release|Win32
		{2D7B229D-CD2F-41D8-9A08-2DD0096F1E47}.Debug|x64.ActiveCfg = Debug|x64
		{2D7B229D-CD2F-41D8-9A08-2DD0096F1E47}.Debug|x64.Build.0 = Debug|x64
		{2D7B229D-CD2F-41D8-9A08-2DD0096F1E47}.Debug|x86.ActiveCfg = Debug|Win32
		{2D7B229D-CD2F-41D8-9A08-2DD0096F1E47}.Debug|x86.Build.0 = Debug|Win32
		{2D7B229D-CD2F-41D8-9A08-2DD0096F1E47}.Release|x64.ActiveCfg = Release|x64
		{2D7B229D-CD2F-41D8-9A08-2DD0096F1E47}.Release|x64.Build.0 = Release|x64
		{2D7B229D-CD2F-41D8-9A08-2DD0096F1E47}.Release|x86.ActiveCfg = Release|Win32
		{2D7B229D-CD2F-41D8-9A08-2DD0096F1E47}.Release|x86.Build.0 = Release|Win32
		{B0822178-82C8-433E-B1B3-0E372108CFC8}.Debug|x64.ActiveCfg = Debug|x64
		{B0822178-82C8-433E-B1B3-0E372108CFC8}.Debug|x64.Build.0 = Debug|x64
		{B0822178-82C8-433E-B1B3-0E372108CFC8}.Debug|x86.ActiveCfg = Debug|Win32
		{B0822178-82C8-433E-B1B3-0E372108CFC8}.Debug|x86.Build.0 = Debug|Win32
		{B0822178-82C8-433E-B1B3-0E372108CFC8}.Release|x64.ActiveCfg = Release|x64
		{B0822178-82C8-433E-B1B3-0E372108CFC8}.Release|x64.Build.0 = Release|x64
		{B0822178-82C8-433E-B1B3-0E372108CFC8}.Release|x86.ActiveCfg = Release|Win32
		{B0822178-82C8-433E-B1B3-0E372108CFC8}.Release|x86.Build.0 = Release|Win32
		{A2EA4AD8-0EB7-4471-980E-4A2CC0855FCC}.Debug|x64.ActiveCfg = Debug|x64
		{A2EA4AD8-0EB7-4471-980E-4A2CC0855FCC}.Debug|x64.Build.0 = Debug|x64
		{A2EA4AD8-0EB7-4471-980E-4A2CC0855FCC}.Debug|x86.ActiveCfg = Debug|Win32
		{A2EA4AD8-0EB7-4471-980E-4A2CC0855FCC}.Debug|x86.Build.0 = Debug|Win32
		{A2EA4AD8-0EB7-4471-980E-4A2CC0855FCC}.Release|x64.ActiveCfg = Release|x64
		{A2EA4AD8-0EB7-4471-980E-4A2CC0855FCC}.Release|x64.Build.0 = Release|x64
		{A2EA4AD8-0EB7-4471-980E-4A2CC0855FCC}.Release|x86.ActiveCfg = Release|Win32
		{A2EA4AD8-0EB7-4471-980E-4A2CC0855FCC}.Release|x86.Build.0 = Release|Win32
		{E088B8B5-A128-4E69-8792-CFB57120B8F5}.Debug|x64.ActiveCfg = Debug|x64
		{E088B8B5-A128-4E69-8792-CFB57120B8F5}.Debug|x64.Build.0 = Debug|x64
		{E088B8B5-A128-4E69-8792-CFB57120B8F5}.Debug|x86.ActiveCfg = Debug|Win32
		{E088B8B5-A128-4E69-8792-CFB57120B8F5}.Debug|x86.Build.0 = Debug|Win32
		{E088B8B5-A128-4E69-8792-CFB57120B8F5}.Release|x64.ActiveCfg = Release|x64
		{E088B8B5-A128-4E69-8792-CFB57120B8F5}.Release|x64.Build.0 = Release|x64
		{E088B8B5-A128-4E69-8792-CFB57120B8F5}.Release|x86.ActiveCfg = Release|Win32
		{E088B8B5-A128-4E69-8792-CFB57120B8F5}.Release|x86.Build.0 = Release|Win32
		{C99D1478-DD8F-44BC-A147-A57ACD3B35FF}.Debug|x64.ActiveCfg = Debug|x64
		{C99D1478-DD8F-44BC-A147-A57ACD3B35FF}.Debug|x64.Build.0 = Debug|x64
		{C99D1478-DD8F-44BC-A147-A57ACD3B35FF}.Debug|x86.ActiveCfg = Debug|Win32
		{C99D1478-DD8F-44BC-A147-A57ACD3B35FF}.Debug|x86.Build.0 = Debug|Win32
		{C99D1478-DD8F-44BC-A147-A57ACD3B35FF}.Release|x64.ActiveCfg = Release|x64
		{C99D1478-DD8F-44BC-A147-A57ACD3B35FF}.Release|x64.Build.0 = Release|x64
		{C99D1478-DD8F-44BC-A147-A57ACD3B35FF}.Release|x86.ActiveCfg = Release|Win32
		{C99D1478-DD8F-44BC-A147-A57ACD3B35FF}.Release|x86.Build.0 = Release|Win32
		{9DAEB648-861D-415B-9F0E-1B66C4896645}.Debug|x64.ActiveCfg = Debug|x64
		{9DAEB648-861D-415B-9F0E-1B66C4896645}.Debug|x64.Build.0 = Debug|x64
		{9DAEB648-861D-415B-9F0E-1B66C4896645}.Debug|x86.ActiveCfg = Debug|Win32
		{9DAEB648-861D-415B-9F0E-1B66C4896645}.Debug|x86.Build.0 = Debug|Win32
		{9DAEB648-861D-415B-9F0E-1B66C4896645}.Release|x64.ActiveCfg = Release|x64
		{9DAEB648-861D-415B-9F0E-1B66C4896645}.Release|x64.Build.0 = Release|x64
		{9DAEB648-861D-415B-9F0E-1B66C4896645}.Release|x86.ActiveCfg = Release|Win32
		{9DAEB648-861D-415B-9F0E-1B66C4896645}.Release|x86.Build.0 = Release|Win32
		{1FC628DB-207A-4E2D-98B6-F77119A6A560}.Debug|x64.ActiveCfg = Debug|x64
		{1FC628DB-207A-4E2D-98B6-F77119A6A560}.Debug|x64.Build.0 = Debug|x64
		{1FC628DB-207A-4E2D-98B6-F77119A6A560}.Debug|x86.ActiveCfg = Debug|Win32
		{1FC628DB-207A-4E2D-98B6-F77119A6A560}.Debug|x86.Build.0 = Debug|Win32
		{1FC628DB-207A-4E2D-98B6-F77119A6A560}.Release|x64.ActiveCfg = Release|x64
		{1FC628DB-207A-4E2D-98B6-F77119A6A560}.Release|x64.Build.0 = Release|x64
		{1FC628DB-207A-4E2D-98B6-F77119A6A560}.Release|x86.ActiveCfg = Release|Win32
		{1FC628DB-207A-4E2D-98B6-F77119A6A560}.Release|x86.Build.0 = Release|Win32
		{CF71372F-6945-414A-A691-B36DC3EE79C1}.Debug|x64.ActiveCfg = Debug|x64
		{CF71372F-6945-414A-A691-B36DC3EE79C1}.Debug|x64.Build.0 = Debug|x64
		{CF71372F-6945-414A-A691-B36DC3EE79C1}.Debug|x86.ActiveCfg = Debug|Win32
		{CF71372F-6945-414A-A691-B36DC3EE79C1}.Debug|x86.Build.0 = Debug|Win32
		{CF71372F-6945-414A-A691-B36DC3EE79C1}.Release|x64.ActiveCfg = Release|x64
		{CF71372F-6945-414A-A691-B36DC3EE79C1}.Release|x64.Build.0 = Release|x64
		{CF71372F-6945-414A-A691-B36DC3EE79C1}.Release|x86.ActiveCfg = Release|Win32
		{CF71372F-6945-414A-A691-B36DC3EE79C1}.Release|x86.Build.0 = Release|Win32
		{3F646A79-AE79-43B0-AE92-7F239A416B87}.Debug|x64.ActiveCfg = Debug|x64
		{3F646A79-AE79-43B0-AE92-7F239A416B87}.Debug|x64.Build.0 = Debug|x64
		{3F646A79-AE79-43B0-AE92-7F239A416B87}.Debug|x86.ActiveCfg = Debug|Win32
		{3F646A79-AE79-43B0-AE92-7F239A416B87}.Debug|x86.Build.0 = Debug|Win32
		{3F646A79-AE79-43B0-AE92-7F239A416B87}.Release|x64.ActiveCfg = Release|x64
		{3F646A79-AE79-43B0-AE92-7F239A416B87}.Release|x64.Build.0 = Release|x64
		{3F646A79-AE79-43B0-AE92-7F239A416B87}.Release|x86.ActiveCfg = Release|Win32
		{3F646A79-AE79-43B0-AE92-7F239A416B87}.Release|x86.Build.0 = Release|Win32
		{C2B9B512-8AE6-4BC1-9B6A-D46C3ED1F587}.Debug|x64.ActiveCfg = Debug|x64
		{C2B9B512-8AE6-4BC1-9B6A-D46C3ED1F587}.Debug|x64.Build.0 = Debug|x64
		{C2B9B512-8AE6-4BC1-9B6A-D46C3ED1F587}.Debug|x86.ActiveCfg = Debug|Win32
		{C2B9B512-8AE6-4BC1-9B6A-D46C3ED1F587}.Debug|x86.Build.0 = Debug|Win32
		{C2B9B512-8AE6-4BC1-9B6A-D46C3ED1F587}.Release|x64.ActiveCfg = Release|x64
		{C2B9B512-8AE6-4BC1-9B6A-D46C3ED1F587}.Release|x64.Build.0 = Release|x64
		{C2B9B512-8AE6-4BC1-9B6A-D46C3ED1F587}.Release|x86.ActiveCfg = Release|Win32
		{C2B9B512-8AE6-4BC1-9B6A-D46C3ED1F587}.Release|x86.Build.0 = Release|Win32
		{FBB2E1DF-5E0E-46F9-992A-2E48B154B20C}.Debug|x64.ActiveCfg = Debug|x64
		{FBB2E1DF-5E0E-46F9-992A-2E48B154B20C}.Debug|x64.Build.0 = Debug|x64
		{FBB2E1DF-5E0E-46F9-992A-2E48B154B20C}.Debug|x86.ActiveCfg = Debug|Win32
		{FBB2E1DF-5E0E-46F9-992A-2E48B154B20C}.Debug|x86.Build.0 = Debug|Win32
		{FBB2E1DF-5E0E-46F9-992A-2E48B154B20C}.Release|x64.ActiveCfg = Release|x64
		{FBB2E1DF-5E0E-46F9-992A-2E48B154B20C}.Release|x64.Build.0 = Release|x64
		{FBB2E1DF-5E0E-46F9-992A-2E48B154B20C}.Release|x86.ActiveCfg = Release|Win32
		{FBB2E1DF-5E0E-46F9-992A-2E48B154B20C}.Release|x86.Build.0 = Release|Win32
		{C5A6C5B3-8FA7-410D-8D56-0BB7AFFA7EDC}.Debug|x64.ActiveCfg = Debug|x64
		{C5A6C5B3-8FA7-410D-8D56-0BB7AFFA7EDC}.Debug|x64.Build.0 = Debug|x64
		{C5A6C5B3-8FA7-410D-8D56-0BB7AFFA7EDC}.Debug|x86.ActiveCfg = Debug|Win32
		{C5A6C5B3-8FA7-410D-8D56-0BB7AFFA7EDC}.Debug|x86.Build.0 = Debug|Win32
		{C5A6C5B3-8FA7-410D-8D56-0BB7AFFA7EDC}.Release|x64.ActiveCfg = Release|x64
		{C5A6C5B3-8FA7-410D-8D56-0BB7AFFA7EDC}.Release|x64.Build.0 = Release|x64
		{C5A6C5B3-8FA7-410D-8D56-0BB7AFFA7EDC}.Release|x86.ActiveCfg = Release|Win32
		{C5A6C5B3-8FA7-410D-8D56-0BB7AFFA7EDC}.Release|x86.Build.0 = Release|Win32
		{1AED8D85-EDE0-4DD6-AD9D-DEA3FC4AAA8D}.Debug|x64.ActiveCfg = Debug|x64
		{1AED8D85-EDE0-4DD6-AD9D-DEA3FC4AAA8D}.Debug|x64.Build.0 = Debug|x64
		{1AED8D85-EDE0-4DD6-AD9D-DEA3FC4AAA8D}.Debug|x86.ActiveCfg = Debug|Win32
		{1AED8D85-EDE0-4DD6-AD9D-DEA3FC4AAA8D}.Debug|x86.Build.0 = Debug|Win32
		{1AED8D85-EDE0-4DD6-AD9D-DEA3FC4AAA8D}.Release|x64.ActiveCfg = Release|x64
		{1AED8D85-EDE0-4DD6-AD9D-DEA3FC4AAA8D}.Release|x64.Build.0 = Release|x64
		{1AED8D85-EDE0-4DD6-AD9D-DEA3FC4AAA8D}.Release|x86.ActiveCfg = Release|Win32
		{1AED8D85-EDE0-4DD6-AD9D-DEA3FC4AAA8D}.Release|x86.Build.0 = Release|Win32
		{FCFA6F7E-6D4C-4C21-8E21-2A73ACD44C06}.Debug|x64.ActiveCfg = Debug|x64
		{FCFA6F7E-6D4C-4C21-8E21-2A73ACD44C06}.Debug|x64.Build.0 = Debug|x64
		{FCFA6F7E-6D4C-4C21-8E21-2A73ACD44C06}.Debug|x86.ActiveCfg = Debug|Win32
		{FCFA6F7E-6D4C-4C21-8E21-2A73ACD44C06}.Debug|x86.Build.0 = Debug|Win32
		{FCFA6F7E-6D4C-4C21-8E21-2A73ACD44C06}.Release|x64.ActiveCfg = Release|x64
		{FCFA6F7E-6D4C-4C21-8E21-2A73ACD44C06}.Release|x64.Build.0 = Release|x64
		{FCFA6F7E-6D4C-4C21-8E21-2A73ACD44C06}.Release|x86.ActiveCfg = Release|Win32
		{FCFA6F7E-6D4C-4C21-8E21-2A73ACD44C06}.Release|x86.Build.0 = Release|Win32
		{B6A14804-192D-467F-9ED4-5D6CE3FD13D6}.Debug|x64.ActiveCfg = Debug|x64
		{B6A14804-192D-467F-9ED4-5D6CE3FD13D6}.Debug|x64.Build.0 = Debug|x64
		{B6A14804-192D-467F-9ED4-5D6CE3FD13D6}.Debug|x86.ActiveCfg = Debug|Win32
		{B6A14804-192D-467F-9ED4-5D6CE3FD13D6}.Debug|x86.Build.0 = Debug|Win32
		{B6A14804-192D-467F-9ED4-5D6CE3FD13D6}.Release|x64.ActiveCfg = Release|x64
		{B6A14804-192D-467F-9ED4-5D6CE3FD13D6}.Release|x64.Build.0 = Release|x64
		{B6A14804-192D-467F-9ED4-5D6CE3FD13D6}.Release|x86.ActiveCfg = Release|Win32
		{B6A14804-192D-467F-9ED4-5D6CE3FD13D6}.Release|x86.Build.0 = Release|Win32
		{E1ED598A-6F62-4BAF-BFB8-1D7A7387403C}.Debug|x64.ActiveCfg = Debug|x64
		{E1ED598A-6F62-4BAF-BFB8-1D7A7387403C}.Debug|x64.Build.0 = Debug|x64
		{E1ED598A-6F62-4BAF-BFB8-1D7A7387403C}.Debug|x86.ActiveCfg = Debug|Win32
		{E1ED598A-6F62-4BAF-BFB8-1D7A7387403C}.Debug|x86.Build.0 = Debug|Win32
		{E1ED598A-6F62-4BAF-BFB8-1D7A7387403C}.Release|x64.ActiveCfg = Release|x64
		{E1ED598A-6F62-4BAF-BFB8-1D7A7387403C}.Release|x64.Build.0 = Release|x64
		{E1ED598A-6F62-4BAF-BFB8-1D7A7387403C}.Release|x86.ActiveCfg = Release|Win32
		{E1ED598A-6F62-4BAF-BFB8-1D7A7387403C}.Release|x86.Build.0 = Release|Win32
		{F7ACE94A-ABF9-45A2-AF77-7A298334A854}.Debug|x64.ActiveCfg = Debug|x64
		{F7ACE94A-ABF9-45A2-AF77-7A298334A854}.Debug|x64.Build.0 = Debug|x64
		{F7ACE94A-ABF9-45A2-AF77-7A298334A854}.Debug|x86.ActiveCfg = Debug|Win32
		{F7ACE94A-ABF9-45A2-AF77-7A298334A854}.Debug|x86.Build.0 = Debug|Win32
		{F7ACE94A-ABF9-45A2-AF77-7A298334A854}.Release|x64.ActiveCfg = Release|x64
		{F7ACE94A-ABF9-45A2-AF77-7A298334A854}.Release|x64.Build.0 = Release|x64
		{F7ACE94A-ABF9-45A2-AF77-7A298334A854}.Release|x86.ActiveCfg = Release|Win32
		{F7ACE94A-ABF9-45A2-AF77-7A298334A854}.Release|x86.Build.0 = Release|Win32
	EndGlobalSection
	GlobalSection(SolutionProperties) = preSolution
		HideSolutionNode = FALSE
	EndGlobalSection
	GlobalSection(ExtensibilityGlobals) = postSolution
		SolutionGuid = {6FEC1F77-EAEB-4511-BC01-D9E84A7C9170}
	EndGlobalSection
EndGlobal
