
Microsoft Visual Studio Solution File, Format Version 12.00
# Visual Studio Version 17
VisualStudioVersion = 17.11.35327.3
MinimumVisualStudioVersion = 10.0.40219.1
Project("{8BC9CEB8-8B4A-11D0-8D11-00A0C91BC942}") = "001_字符串原始字面量", "001_字符串原始字面量\001_字符串原始字面量.vcxproj", "{11B241FD-81EC-4E53-B2F6-FCA1B4CF01E5}"
EndProject
Project("{8BC9CEB8-8B4A-11D0-8D11-00A0C91BC942}") = "002_long_long类型", "002_long_long类型\002_long_long类型.vcxproj", "{8FBB824E-8D1D-4DBA-A4B3-50B84021B18E}"
EndProject
Global
	GlobalSection(SolutionConfigurationPlatforms) = preSolution
		Debug|x64 = Debug|x64
		Debug|x86 = Debug|x86
		Release|x64 = Release|x64
		Release|x86 = Release|x86
	EndGlobalSection
	GlobalSection(ProjectConfigurationPlatforms) = postSolution
		{11B241FD-81EC-4E53-B2F6-FCA1B4CF01E5}.Debug|x64.ActiveCfg = Debug|x64
		{11B241FD-81EC-4E53-B2F6-FCA1B4CF01E5}.Debug|x64.Build.0 = Debug|x64
		{11B241FD-81EC-4E53-B2F6-FCA1B4CF01E5}.Debug|x86.ActiveCfg = Debug|Win32
		{11B241FD-81EC-4E53-B2F6-FCA1B4CF01E5}.Debug|x86.Build.0 = Debug|Win32
		{11B241FD-81EC-4E53-B2F6-FCA1B4CF01E5}.Release|x64.ActiveCfg = Release|x64
		{11B241FD-81EC-4E53-B2F6-FCA1B4CF01E5}.Release|x64.Build.0 = Release|x64
		{11B241FD-81EC-4E53-B2F6-FCA1B4CF01E5}.Release|x86.ActiveCfg = Release|Win32
		{11B241FD-81EC-4E53-B2F6-FCA1B4CF01E5}.Release|x86.Build.0 = Release|Win32
		{8FBB824E-8D1D-4DBA-A4B3-50B84021B18E}.Debug|x64.ActiveCfg = Debug|x64
		{8FBB824E-8D1D-4DBA-A4B3-50B84021B18E}.Debug|x64.Build.0 = Debug|x64
		{8FBB824E-8D1D-4DBA-A4B3-50B84021B18E}.Debug|x86.ActiveCfg = Debug|Win32
		{8FBB824E-8D1D-4DBA-A4B3-50B84021B18E}.Debug|x86.Build.0 = Debug|Win32
		{8FBB824E-8D1D-4DBA-A4B3-50B84021B18E}.Release|x64.ActiveCfg = Release|x64
		{8FBB824E-8D1D-4DBA-A4B3-50B84021B18E}.Release|x64.Build.0 = Release|x64
		{8FBB824E-8D1D-4DBA-A4B3-50B84021B18E}.Release|x86.ActiveCfg = Release|Win32
		{8FBB824E-8D1D-4DBA-A4B3-50B84021B18E}.Release|x86.Build.0 = Release|Win32
	EndGlobalSection
	GlobalSection(SolutionProperties) = preSolution
		HideSolutionNode = FALSE
	EndGlobalSection
	GlobalSection(ExtensibilityGlobals) = postSolution
		SolutionGuid = {6FEC1F77-EAEB-4511-BC01-D9E84A7C9170}
	EndGlobalSection
EndGlobal
